
Microsoft Visual Studio Solution File, Format Version 12.00
# Visual Studio Version 17
VisualStudioVersion = 17.0.32112.339
MinimumVisualStudioVersion = 10.0.40219.1
Project("{9A19103F-16F7-4668-BE54-9A1E7A4F7556}") = "V275_REST_Lib", "V275_REST_Lib.csproj", "{2C64F235-E019-4BC7-9CB8-05BBA28B91D7}"
EndProject
Project("{FAE04EC0-301F-11D3-BF4B-00C04F79EFBC}") = "Logging.lib", "..\Logging.lib\Logging.lib.csproj", "{899D1A5D-2950-4129-9BBA-07627DEF0658}"
EndProject
Project("{FAE04EC0-301F-11D3-BF4B-00C04F79EFBC}") = "BarcodeVerification.lib", "..\BarcodeVerification.lib\BarcodeVerification.lib.csproj", "{A3F67A86-7C71-1C28-AFC9-8446EA39A5BD}"
EndProject
Global
	GlobalSection(SolutionConfigurationPlatforms) = preSolution
		Debug|Any CPU = Debug|Any CPU
		Release|Any CPU = Release|Any CPU
	EndGlobalSection
	GlobalSection(ProjectConfigurationPlatforms) = postSolution
		{2C64F235-E019-4BC7-9CB8-05BBA28B91D7}.Debug|Any CPU.ActiveCfg = Debug|Any CPU
		{2C64F235-E019-4BC7-9CB8-05BBA28B91D7}.Debug|Any CPU.Build.0 = Debug|Any CPU
		{2C64F235-E019-4BC7-9CB8-05BBA28B91D7}.Release|Any CPU.ActiveCfg = Release|Any CPU
		{2C64F235-E019-4BC7-9CB8-05BBA28B91D7}.Release|Any CPU.Build.0 = Release|Any CPU
		{899D1A5D-2950-4129-9BBA-07627DEF0658}.Debug|Any CPU.ActiveCfg = Debug|Any CPU
		{899D1A5D-2950-4129-9BBA-07627DEF0658}.Debug|Any CPU.Build.0 = Debug|Any CPU
		{899D1A5D-2950-4129-9BBA-07627DEF0658}.Release|Any CPU.ActiveCfg = Release|Any CPU
		{899D1A5D-2950-4129-9BBA-07627DEF0658}.Release|Any CPU.Build.0 = Release|Any CPU
		{A3F67A86-7C71-1C28-AFC9-8446EA39A5BD}.Debug|Any CPU.ActiveCfg = Debug|Any CPU
		{A3F67A86-7C71-1C28-AFC9-8446EA39A5BD}.Debug|Any CPU.Build.0 = Debug|Any CPU
		{A3F67A86-7C71-1C28-AFC9-8446EA39A5BD}.Release|Any CPU.ActiveCfg = Release|Any CPU
		{A3F67A86-7C71-1C28-AFC9-8446EA39A5BD}.Release|Any CPU.Build.0 = Release|Any CPU
	EndGlobalSection
	GlobalSection(SolutionProperties) = preSolution
		HideSolutionNode = FALSE
	EndGlobalSection
	GlobalSection(ExtensibilityGlobals) = postSolution
		SolutionGuid = {CF2A2994-ECB8-42DA-80A5-291107AEB38B}
	EndGlobalSection
EndGlobal
